
Microsoft Visual Studio Solution File, Format Version 12.00
# Visual Studio Version 17
VisualStudioVersion = 17.5.33516.290
MinimumVisualStudioVersion = 10.0.40219.1
Project("{8BC9CEB8-8B4A-11D0-8D11-00A0C91BC942}") = "prac3", "prac3\prac3.vcxproj", "{B8E66F84-65D9-4185-ACE0-3A7FA1929245}"
EndProject
Global
	GlobalSection(SolutionConfigurationPlatforms) = preSolution
		Debug|x64 = Debug|x64
		Debug|x86 = Debug|x86
		Release|x64 = Release|x64
		Release|x86 = Release|x86
	EndGlobalSection
	GlobalSection(ProjectConfigurationPlatforms) = postSolution
		{B8E66F84-65D9-4185-ACE0-3A7FA1929245}.Debug|x64.ActiveCfg = Debug|x64
		{B8E66F84-65D9-4185-ACE0-3A7FA1929245}.Debug|x64.Build.0 = Debug|x64
		{B8E66F84-65D9-4185-ACE0-3A7FA1929245}.Debug|x86.ActiveCfg = Debug|Win32
		{B8E66F84-65D9-4185-ACE0-3A7FA1929245}.Debug|x86.Build.0 = Debug|Win32
		{B8E66F84-65D9-4185-ACE0-3A7FA1929245}.Release|x64.ActiveCfg = Release|x64
		{B8E66F84-65D9-4185-ACE0-3A7FA1929245}.Release|x64.Build.0 = Release|x64
		{B8E66F84-65D9-4185-ACE0-3A7FA1929245}.Release|x86.ActiveCfg = Release|Win32
		{B8E66F84-65D9-4185-ACE0-3A7FA1929245}.Release|x86.Build.0 = Release|Win32
	EndGlobalSection
	GlobalSection(SolutionProperties) = preSolution
		HideSolutionNode = FALSE
	EndGlobalSection
	GlobalSection(ExtensibilityGlobals) = postSolution
		SolutionGuid = {4BA5E853-484B-4E7A-8501-CC4F33CC73EE}
	EndGlobalSection
EndGlobal
